// !$*UTF8*$!
{
	archiveVersion = 1;
	classes = {
	};
	objectVersion = 50;
	objects = {

/* Begin PBXBuildFile section */
		8EF254AC280584FB00706B51 /* AppDelegate.m in Sources */ = {isa = PBXBuildFile; fileRef = 8EF254AB280584FB00706B51 /* AppDelegate.m */; };
		8EF254AF280584FB00706B51 /* SceneDelegate.m in Sources */ = {isa = PBXBuildFile; fileRef = 8EF254AE280584FB00706B51 /* SceneDelegate.m */; };
		8EF254B2280584FB00706B51 /* ViewController.m in Sources */ = {isa = PBXBuildFile; fileRef = 8EF254B1280584FB00706B51 /* ViewController.m */; };
		8EF254B5280584FB00706B51 /* Main.storyboard in Resources */ = {isa = PBXBuildFile; fileRef = 8EF254B3280584FB00706B51 /* Main.storyboard */; };
		8EF254B7280584FD00706B51 /* Assets.xcassets in Resources */ = {isa = PBXBuildFile; fileRef = 8EF254B6280584FD00706B51 /* Assets.xcassets */; };
		8EF254BA280584FD00706B51 /* LaunchScreen.storyboard in Resources */ = {isa = PBXBuildFile; fileRef = 8EF254B8280584FD00706B51 /* LaunchScreen.storyboard */; };
		8EF254BD280584FD00706B51 /* main.m in Sources */ = {isa = PBXBuildFile; fileRef = 8EF254BC280584FD00706B51 /* main.m */; };
/* End PBXBuildFile section */

/* Begin PBXFileReference section */
		8EF254A7280584FB00706B51 /* Day5Lab1 sync and async.app */ = {isa = PBXFileReference; explicitFileType = wrapper.application; includeInIndex = 0; path = "Day5Lab1 sync and async.app"; sourceTree = BUILT_PRODUCTS_DIR; };
		8EF254AA280584FB00706B51 /* AppDelegate.h */ = {isa = PBXFileReference; lastKnownFileType = sourcecode.c.h; path = AppDelegate.h; sourceTree = "<group>"; };
		8EF254AB280584FB00706B51 /* AppDelegate.m */ = {isa = PBXFileReference; lastKnownFileType = sourcecode.c.objc; path = AppDelegate.m; sourceTree = "<group>"; };
		8EF254AD280584FB00706B51 /* SceneDelegate.h */ = {isa = PBXFileReference; lastKnownFileType = sourcecode.c.h; path = SceneDelegate.h; sourceTree = "<group>"; };
		8EF254AE280584FB00706B51 /* SceneDelegate.m */ = {isa = PBXFileReference; lastKnownFileType = sourcecode.c.objc; path = SceneDelegate.m; sourceTree = "<group>"; };
		8EF254B0280584FB00706B51 /* ViewController.h */ = {isa = PBXFileReference; lastKnownFileType = sourcecode.c.h; path = ViewController.h; sourceTree = "<group>"; };
		8EF254B1280584FB00706B51 /* ViewController.m */ = {isa = PBXFileReference; lastKnownFileType = sourcecode.c.objc; path = ViewController.m; sourceTree = "<group>"; };
		8EF254B4280584FB00706B51 /* Base */ = {isa = PBXFileReference; lastKnownFileType = file.storyboard; name = Base; path = Base.lproj/Main.storyboard; sourceTree = "<group>"; };
		8EF254B6280584FD00706B51 /* Assets.xcassets */ = {isa = PBXFileReference; lastKnownFileType = folder.assetcatalog; path = Assets.xcassets; sourceTree = "<group>"; };
		8EF254B9280584FD00706B51 /* Base */ = {isa = PBXFileReference; lastKnownFileType = file.storyboard; name = Base; path = Base.lproj/LaunchScreen.storyboard; sourceTree = "<group>"; };
		8EF254BB280584FD00706B51 /* Info.plist */ = {isa = PBXFileReference; lastKnownFileType = text.plist.xml; path = Info.plist; sourceTree = "<group>"; };
		8EF254BC280584FD00706B51 /* main.m */ = {isa = PBXFileReference; lastKnownFileType = sourcecode.c.objc; path = main.m; sourceTree = "<group>"; };
/* End PBXFileReference section */

/* Begin PBXFrameworksBuildPhase section */
		8EF254A4280584FB00706B51 /* Frameworks */ = {
			isa = PBXFrameworksBuildPhase;
			buildActionMask = 2147483647;
			files = (
			);
			runOnlyForDeploymentPostprocessing = 0;
		};
/* End PBXFrameworksBuildPhase section */

/* Begin PBXGroup section */
		8EF2549E280584FB00706B51 = {
			isa = PBXGroup;
			children = (
				8EF254A9280584FB00706B51 /* Day5Lab1 sync and async */,
				8EF254A8280584FB00706B51 /* Products */,
			);
			sourceTree = "<group>";
		};
		8EF254A8280584FB00706B51 /* Products */ = {
			isa = PBXGroup;
			children = (
				8EF254A7280584FB00706B51 /* Day5Lab1 sync and async.app */,
			);
			name = Products;
			sourceTree = "<group>";
		};
		8EF254A9280584FB00706B51 /* Day5Lab1 sync and async */ = {
			isa = PBXGroup;
			children = (
				8EF254AA280584FB00706B51 /* AppDelegate.h */,
				8EF254AB280584FB00706B51 /* AppDelegate.m */,
				8EF254AD280584FB00706B51 /* SceneDelegate.h */,
				8EF254AE280584FB00706B51 /* SceneDelegate.m */,
				8EF254B0280584FB00706B51 /* ViewController.h */,
				8EF254B1280584FB00706B51 /* ViewController.m */,
				8EF254B3280584FB00706B51 /* Main.storyboard */,
				8EF254B6280584FD00706B51 /* Assets.xcassets */,
				8EF254B8280584FD00706B51 /* LaunchScreen.storyboard */,
				8EF254BB280584FD00706B51 /* Info.plist */,
				8EF254BC280584FD00706B51 /* main.m */,
			);
			path = "Day5Lab1 sync and async";
			sourceTree = "<group>";
		};
/* End PBXGroup section */

/* Begin PBXNativeTarget section */
		8EF254A6280584FB00706B51 /* Day5Lab1 sync and async */ = {
			isa = PBXNativeTarget;
			buildConfigurationList = 8EF254C0280584FD00706B51 /* Build configuration list for PBXNativeTarget "Day5Lab1 sync and async" */;
			buildPhases = (
				8EF254A3280584FB00706B51 /* Sources */,
				8EF254A4280584FB00706B51 /* Frameworks */,
				8EF254A5280584FB00706B51 /* Resources */,
			);
			buildRules = (
			);
			dependencies = (
			);
			name = "Day5Lab1 sync and async";
			productName = "Day5Lab1 sync and async";
			productReference = 8EF254A7280584FB00706B51 /* Day5Lab1 sync and async.app */;
			productType = "com.apple.product-type.application";
		};
/* End PBXNativeTarget section */

/* Begin PBXProject section */
		8EF2549F280584FB00706B51 /* Project object */ = {
			isa = PBXProject;
			attributes = {
				LastUpgradeCheck = 1130;
				ORGANIZATIONNAME = "Karam Ibrahim";
				TargetAttributes = {
					8EF254A6280584FB00706B51 = {
						CreatedOnToolsVersion = 11.3.1;
					};
				};
			};
			buildConfigurationList = 8EF254A2280584FB00706B51 /* Build configuration list for PBXProject "Day5Lab1 sync and async" */;
			compatibilityVersion = "Xcode 9.3";
			developmentRegion = en;
			hasScannedForEncodings = 0;
			knownRegions = (
				en,
				Base,
			);
			mainGroup = 8EF2549E280584FB00706B51;
			productRefGroup = 8EF254A8280584FB00706B51 /* Products */;
			projectDirPath = "";
			projectRoot = "";
			targets = (
				8EF254A6280584FB00706B51 /* Day5Lab1 sync and async */,
			);
		};
/* End PBXProject section */

/* Begin PBXResourcesBuildPhase section */
		8EF254A5280584FB00706B51 /* Resources */ = {
			isa = PBXResourcesBuildPhase;
			buildActionMask = 2147483647;
			files = (
				8EF254BA280584FD00706B51 /* LaunchScreen.storyboard in Resources */,
				8EF254B7280584FD00706B51 /* Assets.xcassets in Resources */,
				8EF254B5280584FB00706B51 /* Main.storyboard in Resources */,
			);
			runOnlyForDeploymentPostprocessing = 0;
		};
/* End PBXResourcesBuildPhase section */

/* Begin PBXSourcesBuildPhase section */
		8EF254A3280584FB00706B51 /* Sources */ = {
			isa = PBXSourcesBuildPhase;
			buildActionMask = 2147483647;
			files = (
				8EF254B2280584FB00706B51 /* ViewController.m in Sources */,
				8EF254AC280584FB00706B51 /* AppDelegate.m in Sources */,
				8EF254BD280584FD00706B51 /* main.m in Sources */,
				8EF254AF280584FB00706B51 /* SceneDelegate.m in Sources */,
			);
			runOnlyForDeploymentPostprocessing = 0;
		};
/* End PBXSourcesBuildPhase section */

/* Begin PBXVariantGroup section */
		8EF254B3280584FB00706B51 /* Main.storyboard */ = {
			isa = PBXVariantGroup;
			children = (
				8EF254B4280584FB00706B51 /* Base */,
			);
			name = Main.storyboard;
			sourceTree = "<group>";
		};
		8EF254B8280584FD00706B51 /* LaunchScreen.storyboard */ = {
			isa = PBXVariantGroup;
			children = (
				8EF254B9280584FD00706B51 /* Base */,
			);
			name = LaunchScreen.storyboard;
			sourceTree = "<group>";
		};
/* End PBXVariantGroup section */

/* Begin XCBuildConfiguration section */
		8EF254BE280584FD00706B51 /* Debug */ = {
			isa = XCBuildConfiguration;
			buildSettings = {
				ALWAYS_SEARCH_USER_PATHS = NO;
				CLANG_ANALYZER_NONNULL = YES;
				CLANG_ANALYZER_NUMBER_OBJECT_CONVERSION = YES_AGGRESSIVE;
				CLANG_CXX_LANGUAGE_STANDARD = "gnu++14";
				CLANG_CXX_LIBRARY = "libc++";
				CLANG_ENABLE_MODULES = YES;
				CLANG_ENABLE_OBJC_ARC = YES;
				CLANG_ENABLE_OBJC_WEAK = YES;
				CLANG_WARN_BLOCK_CAPTURE_AUTORELEASING = YES;
				CLANG_WARN_BOOL_CONVERSION = YES;
				CLANG_WARN_COMMA = YES;
				CLANG_WARN_CONSTANT_CONVERSION = YES;
				CLANG_WARN_DEPRECATED_OBJC_IMPLEMENTATIONS = YES;
				CLANG_WARN_DIRECT_OBJC_ISA_USAGE = YES_ERROR;
				CLANG_WARN_DOCUMENTATION_COMMENTS = YES;
				CLANG_WARN_EMPTY_BODY = YES;
				CLANG_WARN_ENUM_CONVERSION = YES;
				CLANG_WARN_INFINITE_RECURSION = YES;
				CLANG_WARN_INT_CONVERSION = YES;
				CLANG_WARN_NON_LITERAL_NULL_CONVERSION = YES;
				CLANG_WARN_OBJC_IMPLICIT_RETAIN_SELF = YES;
				CLANG_WARN_OBJC_LITERAL_CONVERSION = YES;
				CLANG_WARN_OBJC_ROOT_CLASS = YES_ERROR;
				CLANG_WARN_RANGE_LOOP_ANALYSIS = YES;
				CLANG_WARN_STRICT_PROTOTYPES = YES;
				CLANG_WARN_SUSPICIOUS_MOVE = YES;
				CLANG_WARN_UNGUARDED_AVAILABILITY = YES_AGGRESSIVE;
				CLANG_WARN_UNREACHABLE_CODE = YES;
				CLANG_WARN__DUPLICATE_METHOD_MATCH = YES;
				COPY_PHASE_STRIP = NO;
				DEBUG_INFORMATION_FORMAT = dwarf;
				ENABLE_STRICT_OBJC_MSGSEND = YES;
				ENABLE_TESTABILITY = YES;
				GCC_C_LANGUAGE_STANDARD = gnu11;
				GCC_DYNAMIC_NO_PIC = NO;
				GCC_NO_COMMON_BLOCKS = YES;
				GCC_OPTIMIZATION_LEVEL = 0;
				GCC_PREPROCESSOR_DEFINITIONS = (
					"DEBUG=1",
					"$(inherited)",
				);
				GCC_WARN_64_TO_32_BIT_CONVERSION = YES;
				GCC_WARN_ABOUT_RETURN_TYPE = YES_ERROR;
				GCC_WARN_UNDECLARED_SELECTOR = YES;
				GCC_WARN_UNINITIALIZED_AUTOS = YES_AGGRESSIVE;
				GCC_WARN_UNUSED_FUNCTION = YES;
				GCC_WARN_UNUSED_VARIABLE = YES;
				IPHONEOS_DEPLOYMENT_TARGET = 13.2;
				MTL_ENABLE_DEBUG_INFO = INCLUDE_SOURCE;
				MTL_FAST_MATH = YES;
				ONLY_ACTIVE_ARCH = YES;
				SDKROOT = iphoneos;
			};
			name = Debug;
		};
		8EF254BF280584FD00706B51 /* Release */ = {
			isa = XCBuildConfiguration;
			buildSettings = {
				ALWAYS_SEARCH_USER_PATHS = NO;
				CLANG_ANALYZER_NONNULL = YES;
				CLANG_ANALYZER_NUMBER_OBJECT_CONVERSION = YES_AGGRESSIVE;
				CLANG_CXX_LANGUAGE_STANDARD = "gnu++14";
				CLANG_CXX_LIBRARY = "libc++";
				CLANG_ENABLE_MODULES = YES;
				CLANG_ENABLE_OBJC_ARC = YES;
				CLANG_ENABLE_OBJC_WEAK = YES;
				CLANG_WARN_BLOCK_CAPTURE_AUTORELEASING = YES;
				CLANG_WARN_BOOL_CONVERSION = YES;
				CLANG_WARN_COMMA = YES;
				CLANG_WARN_CONSTANT_CONVERSION = YES;
				CLANG_WARN_DEPRECATED_OBJC_IMPLEMENTATIONS = YES;
				CLANG_WARN_DIRECT_OBJC_ISA_USAGE = YES_ERROR;
				CLANG_WARN_DOCUMENTATION_COMMENTS = YES;
				CLANG_WARN_EMPTY_BODY = YES;
				CLANG_WARN_ENUM_CONVERSION = YES;
				CLANG_WARN_INFINITE_RECURSION = YES;
				CLANG_WARN_INT_CONVERSION = YES;
				CLANG_WARN_NON_LITERAL_NULL_CONVERSION = YES;
				CLANG_WARN_OBJC_IMPLICIT_RETAIN_SELF = YES;
				CLANG_WARN_OBJC_LITERAL_CONVERSION = YES;
				CLANG_WARN_OBJC_ROOT_CLASS = YES_ERROR;
				CLANG_WARN_RANGE_LOOP_ANALYSIS = YES;
				CLANG_WARN_STRICT_PROTOTYPES = YES;
				CLANG_WARN_SUSPICIOUS_MOVE = YES;
				CLANG_WARN_UNGUARDED_AVAILABILITY = YES_AGGRESSIVE;
				CLANG_WARN_UNREACHABLE_CODE = YES;
				CLANG_WARN__DUPLICATE_METHOD_MATCH = YES;
				COPY_PHASE_STRIP = NO;
				DEBUG_INFORMATION_FORMAT = "dwarf-with-dsym";
				ENABLE_NS_ASSERTIONS = NO;
				ENABLE_STRICT_OBJC_MSGSEND = YES;
				GCC_C_LANGUAGE_STANDARD = gnu11;
				GCC_NO_COMMON_BLOCKS = YES;
				GCC_WARN_64_TO_32_BIT_CONVERSION = YES;
				GCC_WARN_ABOUT_RETURN_TYPE = YES_ERROR;
				GCC_WARN_UNDECLARED_SELECTOR = YES;
				GCC_WARN_UNINITIALIZED_AUTOS = YES_AGGRESSIVE;
				GCC_WARN_UNUSED_FUNCTION = YES;
				GCC_WARN_UNUSED_VARIABLE = YES;
				IPHONEOS_DEPLOYMENT_TARGET = 13.2;
				MTL_ENABLE_DEBUG_INFO = NO;
				MTL_FAST_MATH = YES;
				SDKROOT = iphoneos;
				VALIDATE_PRODUCT = YES;
			};
			name = Release;
		};
		8EF254C1280584FD00706B51 /* Debug */ = {
			isa = XCBuildConfiguration;
			buildSettings = {
				ASSETCATALOG_COMPILER_APPICON_NAME = AppIcon;
				CODE_SIGN_STYLE = Automatic;
				INFOPLIST_FILE = "Day5Lab1 sync and async/Info.plist";
				LD_RUNPATH_SEARCH_PATHS = (
					"$(inherited)",
					"@executable_path/Frameworks",
				);
				PRODUCT_BUNDLE_IDENTIFIER = "iti.Day5Lab1-sync-and-async";
				PRODUCT_NAME = "$(TARGET_NAME)";
				TARGETED_DEVICE_FAMILY = "1,2";
			};
			name = Debug;
		};
		8EF254C2280584FD00706B51 /* Release */ = {
			isa = XCBuildConfiguration;
			buildSettings = {
				ASSETCATALOG_COMPILER_APPICON_NAME = AppIcon;
				CODE_SIGN_STYLE = Automatic;
				INFOPLIST_FILE = "Day5Lab1 sync and async/Info.plist";
				LD_RUNPATH_SEARCH_PATHS = (
					"$(inherited)",
					"@executable_path/Frameworks",
				);
				PRODUCT_BUNDLE_IDENTIFIER = "iti.Day5Lab1-sync-and-async";
				PRODUCT_NAME = "$(TARGET_NAME)";
				TARGETED_DEVICE_FAMILY = "1,2";
			};
			name = Release;
		};
/* End XCBuildConfiguration section */

/* Begin XCConfigurationList section */
		8EF254A2280584FB00706B51 /* Build configuration list for PBXProject "Day5Lab1 sync and async" */ = {
			isa = XCConfigurationList;
			buildConfigurations = (
				8EF254BE280584FD00706B51 /* Debug */,
				8EF254BF280584FD00706B51 /* Release */,
			);
			defaultConfigurationIsVisible = 0;
			defaultConfigurationName = Release;
		};
		8EF254C0280584FD00706B51 /* Build configuration list for PBXNativeTarget "Day5Lab1 sync and async" */ = {
			isa = XCConfigurationList;
			buildConfigurations = (
				8EF254C1280584FD00706B51 /* Debug */,
				8EF254C2280584FD00706B51 /* Release */,
			);
			defaultConfigurationIsVisible = 0;
			defaultConfigurationName = Release;
		};
/* End XCConfigurationList section */
	};
	rootObject = 8EF2549F280584FB00706B51 /* Project object */;
}
