// !$*UTF8*$!
{
	archiveVersion = 1;
	classes = {
	};
	objectVersion = 50;
	objects = {

/* Begin PBXBuildFile section */
		6CB1B9E327FC689300389A3F /* AppDelegate.m in Sources */ = {isa = PBXBuildFile; fileRef = 6CB1B9E227FC689300389A3F /* AppDelegate.m */; };
		6CB1B9E627FC689300389A3F /* ViewController.m in Sources */ = {isa = PBXBuildFile; fileRef = 6CB1B9E527FC689300389A3F /* ViewController.m */; };
		6CB1B9E827FC689400389A3F /* Assets.xcassets in Resources */ = {isa = PBXBuildFile; fileRef = 6CB1B9E727FC689400389A3F /* Assets.xcassets */; };
		6CB1B9EB27FC689400389A3F /* Main.storyboard in Resources */ = {isa = PBXBuildFile; fileRef = 6CB1B9E927FC689400389A3F /* Main.storyboard */; };
		6CB1B9EE27FC689400389A3F /* main.m in Sources */ = {isa = PBXBuildFile; fileRef = 6CB1B9ED27FC689400389A3F /* main.m */; };
		6CB1B9FA27FC699300389A3F /* Triangle.m in Sources */ = {isa = PBXBuildFile; fileRef = 6CB1B9F927FC699300389A3F /* Triangle.m */; };
		6CB1B9FC27FC69F100389A3F /* Rectangle.m in Sources */ = {isa = PBXBuildFile; fileRef = 6CB1B9FB27FC69F100389A3F /* Rectangle.m */; };
/* End PBXBuildFile section */

/* Begin PBXFileReference section */
		6CB1B9DE27FC689300389A3F /* Protocol.app */ = {isa = PBXFileReference; explicitFileType = wrapper.application; includeInIndex = 0; path = Protocol.app; sourceTree = BUILT_PRODUCTS_DIR; };
		6CB1B9E127FC689300389A3F /* AppDelegate.h */ = {isa = PBXFileReference; lastKnownFileType = sourcecode.c.h; path = AppDelegate.h; sourceTree = "<group>"; };
		6CB1B9E227FC689300389A3F /* AppDelegate.m */ = {isa = PBXFileReference; lastKnownFileType = sourcecode.c.objc; path = AppDelegate.m; sourceTree = "<group>"; };
		6CB1B9E427FC689300389A3F /* ViewController.h */ = {isa = PBXFileReference; lastKnownFileType = sourcecode.c.h; path = ViewController.h; sourceTree = "<group>"; };
		6CB1B9E527FC689300389A3F /* ViewController.m */ = {isa = PBXFileReference; lastKnownFileType = sourcecode.c.objc; path = ViewController.m; sourceTree = "<group>"; };
		6CB1B9E727FC689400389A3F /* Assets.xcassets */ = {isa = PBXFileReference; lastKnownFileType = folder.assetcatalog; path = Assets.xcassets; sourceTree = "<group>"; };
		6CB1B9EA27FC689400389A3F /* Base */ = {isa = PBXFileReference; lastKnownFileType = file.storyboard; name = Base; path = Base.lproj/Main.storyboard; sourceTree = "<group>"; };
		6CB1B9EC27FC689400389A3F /* Info.plist */ = {isa = PBXFileReference; lastKnownFileType = text.plist.xml; path = Info.plist; sourceTree = "<group>"; };
		6CB1B9ED27FC689400389A3F /* main.m */ = {isa = PBXFileReference; lastKnownFileType = sourcecode.c.objc; path = main.m; sourceTree = "<group>"; };
		6CB1B9EF27FC689400389A3F /* Protocol.entitlements */ = {isa = PBXFileReference; lastKnownFileType = text.plist.entitlements; path = Protocol.entitlements; sourceTree = "<group>"; };
		6CB1B9F527FC68A700389A3F /* MyProtocol.h */ = {isa = PBXFileReference; lastKnownFileType = sourcecode.c.h; path = MyProtocol.h; sourceTree = "<group>"; };
		6CB1B9F827FC697C00389A3F /* Rectangle.h */ = {isa = PBXFileReference; lastKnownFileType = sourcecode.c.h; path = Rectangle.h; sourceTree = "<group>"; };
		6CB1B9F927FC699300389A3F /* Triangle.m */ = {isa = PBXFileReference; lastKnownFileType = sourcecode.c.objc; path = Triangle.m; sourceTree = "<group>"; };
		6CB1B9FB27FC69F100389A3F /* Rectangle.m */ = {isa = PBXFileReference; lastKnownFileType = sourcecode.c.objc; path = Rectangle.m; sourceTree = "<group>"; };
		6CB1B9FD27FC6BD600389A3F /* Triangle.h */ = {isa = PBXFileReference; lastKnownFileType = sourcecode.c.h; path = Triangle.h; sourceTree = "<group>"; };
/* End PBXFileReference section */

/* Begin PBXFrameworksBuildPhase section */
		6CB1B9DB27FC689300389A3F /* Frameworks */ = {
			isa = PBXFrameworksBuildPhase;
			buildActionMask = 2147483647;
			files = (
			);
			runOnlyForDeploymentPostprocessing = 0;
		};
/* End PBXFrameworksBuildPhase section */

/* Begin PBXGroup section */
		6CB1B9D527FC689300389A3F = {
			isa = PBXGroup;
			children = (
				6CB1B9E027FC689300389A3F /* Protocol */,
				6CB1B9DF27FC689300389A3F /* Products */,
			);
			sourceTree = "<group>";
		};
		6CB1B9DF27FC689300389A3F /* Products */ = {
			isa = PBXGroup;
			children = (
				6CB1B9DE27FC689300389A3F /* Protocol.app */,
			);
			name = Products;
			sourceTree = "<group>";
		};
		6CB1B9E027FC689300389A3F /* Protocol */ = {
			isa = PBXGroup;
			children = (
				6CB1B9E127FC689300389A3F /* AppDelegate.h */,
				6CB1B9E227FC689300389A3F /* AppDelegate.m */,
				6CB1B9E427FC689300389A3F /* ViewController.h */,
				6CB1B9E527FC689300389A3F /* ViewController.m */,
				6CB1B9E727FC689400389A3F /* Assets.xcassets */,
				6CB1B9E927FC689400389A3F /* Main.storyboard */,
				6CB1B9EC27FC689400389A3F /* Info.plist */,
				6CB1B9ED27FC689400389A3F /* main.m */,
				6CB1B9EF27FC689400389A3F /* Protocol.entitlements */,
				6CB1B9F527FC68A700389A3F /* MyProtocol.h */,
				6CB1B9F827FC697C00389A3F /* Rectangle.h */,
				6CB1B9F927FC699300389A3F /* Triangle.m */,
				6CB1B9FB27FC69F100389A3F /* Rectangle.m */,
				6CB1B9FD27FC6BD600389A3F /* Triangle.h */,
			);
			path = Protocol;
			sourceTree = "<group>";
		};
/* End PBXGroup section */

/* Begin PBXNativeTarget section */
		6CB1B9DD27FC689300389A3F /* Protocol */ = {
			isa = PBXNativeTarget;
			buildConfigurationList = 6CB1B9F227FC689400389A3F /* Build configuration list for PBXNativeTarget "Protocol" */;
			buildPhases = (
				6CB1B9DA27FC689300389A3F /* Sources */,
				6CB1B9DB27FC689300389A3F /* Frameworks */,
				6CB1B9DC27FC689300389A3F /* Resources */,
			);
			buildRules = (
			);
			dependencies = (
			);
			name = Protocol;
			productName = Protocol;
			productReference = 6CB1B9DE27FC689300389A3F /* Protocol.app */;
			productType = "com.apple.product-type.application";
		};
/* End PBXNativeTarget section */

/* Begin PBXProject section */
		6CB1B9D627FC689300389A3F /* Project object */ = {
			isa = PBXProject;
			attributes = {
				LastUpgradeCheck = 1150;
				ORGANIZATIONNAME = user188987;
				TargetAttributes = {
					6CB1B9DD27FC689300389A3F = {
						CreatedOnToolsVersion = 11.5;
					};
				};
			};
			buildConfigurationList = 6CB1B9D927FC689300389A3F /* Build configuration list for PBXProject "Protocol" */;
			compatibilityVersion = "Xcode 9.3";
			developmentRegion = en;
			hasScannedForEncodings = 0;
			knownRegions = (
				en,
				Base,
			);
			mainGroup = 6CB1B9D527FC689300389A3F;
			productRefGroup = 6CB1B9DF27FC689300389A3F /* Products */;
			projectDirPath = "";
			projectRoot = "";
			targets = (
				6CB1B9DD27FC689300389A3F /* Protocol */,
			);
		};
/* End PBXProject section */

/* Begin PBXResourcesBuildPhase section */
		6CB1B9DC27FC689300389A3F /* Resources */ = {
			isa = PBXResourcesBuildPhase;
			buildActionMask = 2147483647;
			files = (
				6CB1B9E827FC689400389A3F /* Assets.xcassets in Resources */,
				6CB1B9EB27FC689400389A3F /* Main.storyboard in Resources */,
			);
			runOnlyForDeploymentPostprocessing = 0;
		};
/* End PBXResourcesBuildPhase section */

/* Begin PBXSourcesBuildPhase section */
		6CB1B9DA27FC689300389A3F /* Sources */ = {
			isa = PBXSourcesBuildPhase;
			buildActionMask = 2147483647;
			files = (
				6CB1B9E627FC689300389A3F /* ViewController.m in Sources */,
				6CB1B9EE27FC689400389A3F /* main.m in Sources */,
				6CB1B9E327FC689300389A3F /* AppDelegate.m in Sources */,
				6CB1B9FA27FC699300389A3F /* Triangle.m in Sources */,
				6CB1B9FC27FC69F100389A3F /* Rectangle.m in Sources */,
			);
			runOnlyForDeploymentPostprocessing = 0;
		};
/* End PBXSourcesBuildPhase section */

/* Begin PBXVariantGroup section */
		6CB1B9E927FC689400389A3F /* Main.storyboard */ = {
			isa = PBXVariantGroup;
			children = (
				6CB1B9EA27FC689400389A3F /* Base */,
			);
			name = Main.storyboard;
			sourceTree = "<group>";
		};
/* End PBXVariantGroup section */

/* Begin XCBuildConfiguration section */
		6CB1B9F027FC689400389A3F /* Debug */ = {
			isa = XCBuildConfiguration;
			buildSettings = {
				ALWAYS_SEARCH_USER_PATHS = NO;
				CLANG_ANALYZER_NONNULL = YES;
				CLANG_ANALYZER_NUMBER_OBJECT_CONVERSION = YES_AGGRESSIVE;
				CLANG_CXX_LANGUAGE_STANDARD = "gnu++14";
				CLANG_CXX_LIBRARY = "libc++";
				CLANG_ENABLE_MODULES = YES;
				CLANG_ENABLE_OBJC_ARC = YES;
				CLANG_ENABLE_OBJC_WEAK = YES;
				CLANG_WARN_BLOCK_CAPTURE_AUTORELEASING = YES;
				CLANG_WARN_BOOL_CONVERSION = YES;
				CLANG_WARN_COMMA = YES;
				CLANG_WARN_CONSTANT_CONVERSION = YES;
				CLANG_WARN_DEPRECATED_OBJC_IMPLEMENTATIONS = YES;
				CLANG_WARN_DIRECT_OBJC_ISA_USAGE = YES_ERROR;
				CLANG_WARN_DOCUMENTATION_COMMENTS = YES;
				CLANG_WARN_EMPTY_BODY = YES;
				CLANG_WARN_ENUM_CONVERSION = YES;
				CLANG_WARN_INFINITE_RECURSION = YES;
				CLANG_WARN_INT_CONVERSION = YES;
				CLANG_WARN_NON_LITERAL_NULL_CONVERSION = YES;
				CLANG_WARN_OBJC_IMPLICIT_RETAIN_SELF = YES;
				CLANG_WARN_OBJC_LITERAL_CONVERSION = YES;
				CLANG_WARN_OBJC_ROOT_CLASS = YES_ERROR;
				CLANG_WARN_RANGE_LOOP_ANALYSIS = YES;
				CLANG_WARN_STRICT_PROTOTYPES = YES;
				CLANG_WARN_SUSPICIOUS_MOVE = YES;
				CLANG_WARN_UNGUARDED_AVAILABILITY = YES_AGGRESSIVE;
				CLANG_WARN_UNREACHABLE_CODE = YES;
				CLANG_WARN__DUPLICATE_METHOD_MATCH = YES;
				COPY_PHASE_STRIP = NO;
				DEBUG_INFORMATION_FORMAT = dwarf;
				ENABLE_STRICT_OBJC_MSGSEND = YES;
				ENABLE_TESTABILITY = YES;
				GCC_C_LANGUAGE_STANDARD = gnu11;
				GCC_DYNAMIC_NO_PIC = NO;
				GCC_NO_COMMON_BLOCKS = YES;
				GCC_OPTIMIZATION_LEVEL = 0;
				GCC_PREPROCESSOR_DEFINITIONS = (
					"DEBUG=1",
					"$(inherited)",
				);
				GCC_WARN_64_TO_32_BIT_CONVERSION = YES;
				GCC_WARN_ABOUT_RETURN_TYPE = YES_ERROR;
				GCC_WARN_UNDECLARED_SELECTOR = YES;
				GCC_WARN_UNINITIALIZED_AUTOS = YES_AGGRESSIVE;
				GCC_WARN_UNUSED_FUNCTION = YES;
				GCC_WARN_UNUSED_VARIABLE = YES;
				MACOSX_DEPLOYMENT_TARGET = 10.15;
				MTL_ENABLE_DEBUG_INFO = INCLUDE_SOURCE;
				MTL_FAST_MATH = YES;
				ONLY_ACTIVE_ARCH = YES;
				SDKROOT = macosx;
			};
			name = Debug;
		};
		6CB1B9F127FC689400389A3F /* Release */ = {
			isa = XCBuildConfiguration;
			buildSettings = {
				ALWAYS_SEARCH_USER_PATHS = NO;
				CLANG_ANALYZER_NONNULL = YES;
				CLANG_ANALYZER_NUMBER_OBJECT_CONVERSION = YES_AGGRESSIVE;
				CLANG_CXX_LANGUAGE_STANDARD = "gnu++14";
				CLANG_CXX_LIBRARY = "libc++";
				CLANG_ENABLE_MODULES = YES;
				CLANG_ENABLE_OBJC_ARC = YES;
				CLANG_ENABLE_OBJC_WEAK = YES;
				CLANG_WARN_BLOCK_CAPTURE_AUTORELEASING = YES;
				CLANG_WARN_BOOL_CONVERSION = YES;
				CLANG_WARN_COMMA = YES;
				CLANG_WARN_CONSTANT_CONVERSION = YES;
				CLANG_WARN_DEPRECATED_OBJC_IMPLEMENTATIONS = YES;
				CLANG_WARN_DIRECT_OBJC_ISA_USAGE = YES_ERROR;
				CLANG_WARN_DOCUMENTATION_COMMENTS = YES;
				CLANG_WARN_EMPTY_BODY = YES;
				CLANG_WARN_ENUM_CONVERSION = YES;
				CLANG_WARN_INFINITE_RECURSION = YES;
				CLANG_WARN_INT_CONVERSION = YES;
				CLANG_WARN_NON_LITERAL_NULL_CONVERSION = YES;
				CLANG_WARN_OBJC_IMPLICIT_RETAIN_SELF = YES;
				CLANG_WARN_OBJC_LITERAL_CONVERSION = YES;
				CLANG_WARN_OBJC_ROOT_CLASS = YES_ERROR;
				CLANG_WARN_RANGE_LOOP_ANALYSIS = YES;
				CLANG_WARN_STRICT_PROTOTYPES = YES;
				CLANG_WARN_SUSPICIOUS_MOVE = YES;
				CLANG_WARN_UNGUARDED_AVAILABILITY = YES_AGGRESSIVE;
				CLANG_WARN_UNREACHABLE_CODE = YES;
				CLANG_WARN__DUPLICATE_METHOD_MATCH = YES;
				COPY_PHASE_STRIP = NO;
				DEBUG_INFORMATION_FORMAT = "dwarf-with-dsym";
				ENABLE_NS_ASSERTIONS = NO;
				ENABLE_STRICT_OBJC_MSGSEND = YES;
				GCC_C_LANGUAGE_STANDARD = gnu11;
				GCC_NO_COMMON_BLOCKS = YES;
				GCC_WARN_64_TO_32_BIT_CONVERSION = YES;
				GCC_WARN_ABOUT_RETURN_TYPE = YES_ERROR;
				GCC_WARN_UNDECLARED_SELECTOR = YES;
				GCC_WARN_UNINITIALIZED_AUTOS = YES_AGGRESSIVE;
				GCC_WARN_UNUSED_FUNCTION = YES;
				GCC_WARN_UNUSED_VARIABLE = YES;
				MACOSX_DEPLOYMENT_TARGET = 10.15;
				MTL_ENABLE_DEBUG_INFO = NO;
				MTL_FAST_MATH = YES;
				SDKROOT = macosx;
			};
			name = Release;
		};
		6CB1B9F327FC689400389A3F /* Debug */ = {
			isa = XCBuildConfiguration;
			buildSettings = {
				ASSETCATALOG_COMPILER_APPICON_NAME = AppIcon;
				CODE_SIGN_ENTITLEMENTS = Protocol/Protocol.entitlements;
				CODE_SIGN_STYLE = Automatic;
				COMBINE_HIDPI_IMAGES = YES;
				INFOPLIST_FILE = Protocol/Info.plist;
				LD_RUNPATH_SEARCH_PATHS = (
					"$(inherited)",
					"@executable_path/../Frameworks",
				);
				PRODUCT_BUNDLE_IDENTIFIER = Muhammad.Protocol;
				PRODUCT_NAME = "$(TARGET_NAME)";
			};
			name = Debug;
		};
		6CB1B9F427FC689400389A3F /* Release */ = {
			isa = XCBuildConfiguration;
			buildSettings = {
				ASSETCATALOG_COMPILER_APPICON_NAME = AppIcon;
				CODE_SIGN_ENTITLEMENTS = Protocol/Protocol.entitlements;
				CODE_SIGN_STYLE = Automatic;
				COMBINE_HIDPI_IMAGES = YES;
				INFOPLIST_FILE = Protocol/Info.plist;
				LD_RUNPATH_SEARCH_PATHS = (
					"$(inherited)",
					"@executable_path/../Frameworks",
				);
				PRODUCT_BUNDLE_IDENTIFIER = Muhammad.Protocol;
				PRODUCT_NAME = "$(TARGET_NAME)";
			};
			name = Release;
		};
/* End XCBuildConfiguration section */

/* Begin XCConfigurationList section */
		6CB1B9D927FC689300389A3F /* Build configuration list for PBXProject "Protocol" */ = {
			isa = XCConfigurationList;
			buildConfigurations = (
				6CB1B9F027FC689400389A3F /* Debug */,
				6CB1B9F127FC689400389A3F /* Release */,
			);
			defaultConfigurationIsVisible = 0;
			defaultConfigurationName = Release;
		};
		6CB1B9F227FC689400389A3F /* Build configuration list for PBXNativeTarget "Protocol" */ = {
			isa = XCConfigurationList;
			buildConfigurations = (
				6CB1B9F327FC689400389A3F /* Debug */,
				6CB1B9F427FC689400389A3F /* Release */,
			);
			defaultConfigurationIsVisible = 0;
			defaultConfigurationName = Release;
		};
/* End XCConfigurationList section */
	};
	rootObject = 6CB1B9D627FC689300389A3F /* Project object */;
}
